# This file is autogenerated, do not edit; changes may be undone by the next 'dep ensure'.


[[projects]]
  branch = "master"
  digest = "1:a624b31862acb2fd66cfdfa0ba86f186489d939209d7dbe6a9a7d361b3dcb884"
  name = "github.com/divan/num2words"
  packages = ["."]
  pruneopts = "UT"
  revision = "57dba452f9421c72bc7fa8e44e4596419bde0355"

[[projects]]
  branch = "master"
  digest = "1:89cd2208bdeb192cc83ee287216af3c987fc87a90b9087718ad6631b636cefcf"
  name = "github.com/iancoleman/strcase"
  packages = ["."]
  pruneopts = "UT"
  revision = "3605ed457bf7f8caa1371b4fafadadc026673479"

[solve-meta]
  analyzer-name = "dep"
  analyzer-version = 1
  input-imports = [
    "github.com/divan/num2words",
    "github.com/iancoleman/strcase",
  ]
  solver-name = "gps-cdcl"
  solver-version = 1
